{
  "nodes": {
    "flake-utils": {
      "locked": {
        "lastModified": 1667395993,
        "narHash": "sha256-nuEHfE/LcWyuSWnS8t12N1wc105Qtau+/OdUAjtQ0rA=",
        "owner": "numtide",
        "repo": "flake-utils",
        "rev": "5aed5285a952e0b949eb3ba02c12fa4fcfef535f",
        "type": "github"
      },
      "original": {
        "owner": "numtide",
        "repo": "flake-utils",
        "type": "github"
      }
    },
    "nixpkgs": {
      "locked": {
        "lastModified": 1671741567,
        "narHash": "sha256-SSmlJkiSOkrM0CW6pASLAMs1+3TaAogmw0hwch+VvhQ=",
        "owner": "NixOS",
        "repo": "nixpkgs",
        "rev": "7ed9bbb62d807957938a46a136113cf18b7552fe",
        "type": "github"
      },
      "original": {
        "owner": "NixOS",
        "repo": "nixpkgs",
        "type": "github"
      }
    },
    "root": {
      "inputs": {
        "flake-utils": "flake-utils",
        "nixpkgs": "nixpkgs",
        "telegram-bot-simple": "telegram-bot-simple"
      }
    },
    "telegram-bot-simple": {
      "flake": false,
      "locked": {
        "lastModified": 1671981417,
        "narHash": "sha256-Q9Pe6dCvCuGsRv3wmxqU8mCWhasQhRwDDIKO8XvdpJA=",
        "owner": "fizruk",
        "repo": "telegram-bot-simple",
        "rev": "a0aa517586fd3bb2324a617d2d185c0b65e56398",
        "type": "github"
      },
      "original": {
        "owner": "fizruk",
        "repo": "telegram-bot-simple",
        "type": "github"
      }
    }
  },
  "root": "root",
  "version": 7
}
